
Microsoft Visual Studio Solution File, Format Version 12.00
# Visual Studio 14
VisualStudioVersion = 14.0.24720.0
MinimumVisualStudioVersion = 10.0.40219.1
Project("{FAE04EC0-301F-11D3-BF4B-00C04F79EFBC}") = "OSFOLCrossPlatform.Droid", "OSFOLCrossPlatform\OSFOLCrossPlatform.Droid\OSFOLCrossPlatform.Droid.csproj", "{F7978938-08C9-4F4A-A3C5-62E02D9C6AD7}"
EndProject
Project("{FAE04EC0-301F-11D3-BF4B-00C04F79EFBC}") = "OSFOLCrossPlatform.iOS", "OSFOLCrossPlatform\OSFOLCrossPlatform.iOS\OSFOLCrossPlatform.iOS.csproj", "{7BDDA08F-1256-458D-94B9-0395184F4B66}"
EndProject
Project("{FAE04EC0-301F-11D3-BF4B-00C04F79EFBC}") = "OSFOLCrossPlatform", "OSFOLCrossPlatform\OSFOLCrossPlatform\OSFOLCrossPlatform.csproj", "{02040A70-B7CD-4841-8B1E-B3DC81D728C2}"
EndProject
Global
	GlobalSection(SolutionConfigurationPlatforms) = preSolution
		AppStore|Any CPU = AppStore|Any CPU
		AppStore|ARM = AppStore|ARM
		AppStore|iPhone = AppStore|iPhone
		AppStore|iPhoneSimulator = AppStore|iPhoneSimulator
		AppStore|x86 = AppStore|x86
		Debug|Any CPU = Debug|Any CPU
		Debug|ARM = Debug|ARM
		Debug|iPhone = Debug|iPhone
		Debug|iPhoneSimulator = Debug|iPhoneSimulator
		Debug|x86 = Debug|x86
		Release|Any CPU = Release|Any CPU
		Release|ARM = Release|ARM
		Release|iPhone = Release|iPhone
		Release|iPhoneSimulator = Release|iPhoneSimulator
		Release|x86 = Release|x86
	EndGlobalSection
	GlobalSection(ProjectConfigurationPlatforms) = postSolution
		{F7978938-08C9-4F4A-A3C5-62E02D9C6AD7}.AppStore|Any CPU.ActiveCfg = Release|Any CPU
		{F7978938-08C9-4F4A-A3C5-62E02D9C6AD7}.AppStore|Any CPU.Build.0 = Release|Any CPU
		{F7978938-08C9-4F4A-A3C5-62E02D9C6AD7}.AppStore|Any CPU.Deploy.0 = Release|Any CPU
		{F7978938-08C9-4F4A-A3C5-62E02D9C6AD7}.AppStore|ARM.ActiveCfg = Release|Any CPU
		{F7978938-08C9-4F4A-A3C5-62E02D9C6AD7}.AppStore|ARM.Build.0 = Release|Any CPU
		{F7978938-08C9-4F4A-A3C5-62E02D9C6AD7}.AppStore|ARM.Deploy.0 = Release|Any CPU
		{F7978938-08C9-4F4A-A3C5-62E02D9C6AD7}.AppStore|iPhone.ActiveCfg = Release|Any CPU
		{F7978938-08C9-4F4A-A3C5-62E02D9C6AD7}.AppStore|iPhone.Build.0 = Release|Any CPU
		{F7978938-08C9-4F4A-A3C5-62E02D9C6AD7}.AppStore|iPhone.Deploy.0 = Release|Any CPU
		{F7978938-08C9-4F4A-A3C5-62E02D9C6AD7}.AppStore|iPhoneSimulator.ActiveCfg = Release|Any CPU
		{F7978938-08C9-4F4A-A3C5-62E02D9C6AD7}.AppStore|iPhoneSimulator.Build.0 = Release|Any CPU
		{F7978938-08C9-4F4A-A3C5-62E02D9C6AD7}.AppStore|iPhoneSimulator.Deploy.0 = Release|Any CPU
		{F7978938-08C9-4F4A-A3C5-62E02D9C6AD7}.AppStore|x86.ActiveCfg = Release|Any CPU
		{F7978938-08C9-4F4A-A3C5-62E02D9C6AD7}.AppStore|x86.Build.0 = Release|Any CPU
		{F7978938-08C9-4F4A-A3C5-62E02D9C6AD7}.AppStore|x86.Deploy.0 = Release|Any CPU
		{F7978938-08C9-4F4A-A3C5-62E02D9C6AD7}.Debug|Any CPU.ActiveCfg = Debug|Any CPU
		{F7978938-08C9-4F4A-A3C5-62E02D9C6AD7}.Debug|Any CPU.Build.0 = Debug|Any CPU
		{F7978938-08C9-4F4A-A3C5-62E02D9C6AD7}.Debug|Any CPU.Deploy.0 = Debug|Any CPU
		{F7978938-08C9-4F4A-A3C5-62E02D9C6AD7}.Debug|ARM.ActiveCfg = Debug|Any CPU
		{F7978938-08C9-4F4A-A3C5-62E02D9C6AD7}.Debug|ARM.Build.0 = Debug|Any CPU
		{F7978938-08C9-4F4A-A3C5-62E02D9C6AD7}.Debug|ARM.Deploy.0 = Debug|Any CPU
		{F7978938-08C9-4F4A-A3C5-62E02D9C6AD7}.Debug|iPhone.ActiveCfg = Debug|Any CPU
		{F7978938-08C9-4F4A-A3C5-62E02D9C6AD7}.Debug|iPhone.Build.0 = Debug|Any CPU
		{F7978938-08C9-4F4A-A3C5-62E02D9C6AD7}.Debug|iPhone.Deploy.0 = Debug|Any CPU
		{F7978938-08C9-4F4A-A3C5-62E02D9C6AD7}.Debug|iPhoneSimulator.ActiveCfg = Debug|Any CPU
		{F7978938-08C9-4F4A-A3C5-62E02D9C6AD7}.Debug|iPhoneSimulator.Build.0 = Debug|Any CPU
		{F7978938-08C9-4F4A-A3C5-62E02D9C6AD7}.Debug|iPhoneSimulator.Deploy.0 = Debug|Any CPU
		{F7978938-08C9-4F4A-A3C5-62E02D9C6AD7}.Debug|x86.ActiveCfg = Debug|Any CPU
		{F7978938-08C9-4F4A-A3C5-62E02D9C6AD7}.Debug|x86.Build.0 = Debug|Any CPU
		{F7978938-08C9-4F4A-A3C5-62E02D9C6AD7}.Debug|x86.Deploy.0 = Debug|Any CPU
		{F7978938-08C9-4F4A-A3C5-62E02D9C6AD7}.Release|Any CPU.ActiveCfg = Release|Any CPU
		{F7978938-08C9-4F4A-A3C5-62E02D9C6AD7}.Release|Any CPU.Build.0 = Release|Any CPU
		{F7978938-08C9-4F4A-A3C5-62E02D9C6AD7}.Release|Any CPU.Deploy.0 = Release|Any CPU
		{F7978938-08C9-4F4A-A3C5-62E02D9C6AD7}.Release|ARM.ActiveCfg = Release|Any CPU
		{F7978938-08C9-4F4A-A3C5-62E02D9C6AD7}.Release|ARM.Build.0 = Release|Any CPU
		{F7978938-08C9-4F4A-A3C5-62E02D9C6AD7}.Release|ARM.Deploy.0 = Release|Any CPU
		{F7978938-08C9-4F4A-A3C5-62E02D9C6AD7}.Release|iPhone.ActiveCfg = Release|Any CPU
		{F7978938-08C9-4F4A-A3C5-62E02D9C6AD7}.Release|iPhone.Build.0 = Release|Any CPU
		{F7978938-08C9-4F4A-A3C5-62E02D9C6AD7}.Release|iPhone.Deploy.0 = Release|Any CPU
		{F7978938-08C9-4F4A-A3C5-62E02D9C6AD7}.Release|iPhoneSimulator.ActiveCfg = Release|Any CPU
		{F7978938-08C9-4F4A-A3C5-62E02D9C6AD7}.Release|iPhoneSimulator.Build.0 = Release|Any CPU
		{F7978938-08C9-4F4A-A3C5-62E02D9C6AD7}.Release|iPhoneSimulator.Deploy.0 = Release|Any CPU
		{F7978938-08C9-4F4A-A3C5-62E02D9C6AD7}.Release|x86.ActiveCfg = Release|Any CPU
		{F7978938-08C9-4F4A-A3C5-62E02D9C6AD7}.Release|x86.Build.0 = Release|Any CPU
		{F7978938-08C9-4F4A-A3C5-62E02D9C6AD7}.Release|x86.Deploy.0 = Release|Any CPU
		{7BDDA08F-1256-458D-94B9-0395184F4B66}.AppStore|Any CPU.ActiveCfg = AppStore|iPhone
		{7BDDA08F-1256-458D-94B9-0395184F4B66}.AppStore|ARM.ActiveCfg = AppStore|iPhone
		{7BDDA08F-1256-458D-94B9-0395184F4B66}.AppStore|iPhone.ActiveCfg = AppStore|iPhone
		{7BDDA08F-1256-458D-94B9-0395184F4B66}.AppStore|iPhone.Build.0 = AppStore|iPhone
		{7BDDA08F-1256-458D-94B9-0395184F4B66}.AppStore|iPhoneSimulator.ActiveCfg = AppStore|iPhoneSimulator
		{7BDDA08F-1256-458D-94B9-0395184F4B66}.AppStore|iPhoneSimulator.Build.0 = AppStore|iPhoneSimulator
		{7BDDA08F-1256-458D-94B9-0395184F4B66}.AppStore|x86.ActiveCfg = AppStore|iPhone
		{7BDDA08F-1256-458D-94B9-0395184F4B66}.Debug|Any CPU.ActiveCfg = Debug|iPhone
		{7BDDA08F-1256-458D-94B9-0395184F4B66}.Debug|ARM.ActiveCfg = Debug|iPhone
		{7BDDA08F-1256-458D-94B9-0395184F4B66}.Debug|iPhone.ActiveCfg = Debug|iPhone
		{7BDDA08F-1256-458D-94B9-0395184F4B66}.Debug|iPhone.Build.0 = Debug|iPhone
		{7BDDA08F-1256-458D-94B9-0395184F4B66}.Debug|iPhoneSimulator.ActiveCfg = Debug|iPhoneSimulator
		{7BDDA08F-1256-458D-94B9-0395184F4B66}.Debug|iPhoneSimulator.Build.0 = Debug|iPhoneSimulator
		{7BDDA08F-1256-458D-94B9-0395184F4B66}.Debug|x86.ActiveCfg = Debug|iPhone
		{7BDDA08F-1256-458D-94B9-0395184F4B66}.Release|Any CPU.ActiveCfg = Release|iPhone
		{7BDDA08F-1256-458D-94B9-0395184F4B66}.Release|ARM.ActiveCfg = Release|iPhone
		{7BDDA08F-1256-458D-94B9-0395184F4B66}.Release|iPhone.ActiveCfg = Release|iPhone
		{7BDDA08F-1256-458D-94B9-0395184F4B66}.Release|iPhone.Build.0 = Release|iPhone
		{7BDDA08F-1256-458D-94B9-0395184F4B66}.Release|iPhoneSimulator.ActiveCfg = Release|iPhoneSimulator
		{7BDDA08F-1256-458D-94B9-0395184F4B66}.Release|iPhoneSimulator.Build.0 = Release|iPhoneSimulator
		{7BDDA08F-1256-458D-94B9-0395184F4B66}.Release|x86.ActiveCfg = Release|iPhone
		{02040A70-B7CD-4841-8B1E-B3DC81D728C2}.AppStore|Any CPU.ActiveCfg = Release|Any CPU
		{02040A70-B7CD-4841-8B1E-B3DC81D728C2}.AppStore|Any CPU.Build.0 = Release|Any CPU
		{02040A70-B7CD-4841-8B1E-B3DC81D728C2}.AppStore|ARM.ActiveCfg = Release|Any CPU
		{02040A70-B7CD-4841-8B1E-B3DC81D728C2}.AppStore|ARM.Build.0 = Release|Any CPU
		{02040A70-B7CD-4841-8B1E-B3DC81D728C2}.AppStore|iPhone.ActiveCfg = Release|Any CPU
		{02040A70-B7CD-4841-8B1E-B3DC81D728C2}.AppStore|iPhone.Build.0 = Release|Any CPU
		{02040A70-B7CD-4841-8B1E-B3DC81D728C2}.AppStore|iPhoneSimulator.ActiveCfg = Release|Any CPU
		{02040A70-B7CD-4841-8B1E-B3DC81D728C2}.AppStore|iPhoneSimulator.Build.0 = Release|Any CPU
		{02040A70-B7CD-4841-8B1E-B3DC81D728C2}.AppStore|x86.ActiveCfg = Release|Any CPU
		{02040A70-B7CD-4841-8B1E-B3DC81D728C2}.AppStore|x86.Build.0 = Release|Any CPU
		{02040A70-B7CD-4841-8B1E-B3DC81D728C2}.Debug|Any CPU.ActiveCfg = Debug|Any CPU
		{02040A70-B7CD-4841-8B1E-B3DC81D728C2}.Debug|Any CPU.Build.0 = Debug|Any CPU
		{02040A70-B7CD-4841-8B1E-B3DC81D728C2}.Debug|ARM.ActiveCfg = Debug|Any CPU
		{02040A70-B7CD-4841-8B1E-B3DC81D728C2}.Debug|ARM.Build.0 = Debug|Any CPU
		{02040A70-B7CD-4841-8B1E-B3DC81D728C2}.Debug|iPhone.ActiveCfg = Debug|Any CPU
		{02040A70-B7CD-4841-8B1E-B3DC81D728C2}.Debug|iPhone.Build.0 = Debug|Any CPU
		{02040A70-B7CD-4841-8B1E-B3DC81D728C2}.Debug|iPhoneSimulator.ActiveCfg = Debug|Any CPU
		{02040A70-B7CD-4841-8B1E-B3DC81D728C2}.Debug|iPhoneSimulator.Build.0 = Debug|Any CPU
		{02040A70-B7CD-4841-8B1E-B3DC81D728C2}.Debug|x86.ActiveCfg = Debug|Any CPU
		{02040A70-B7CD-4841-8B1E-B3DC81D728C2}.Debug|x86.Build.0 = Debug|Any CPU
		{02040A70-B7CD-4841-8B1E-B3DC81D728C2}.Release|Any CPU.ActiveCfg = Release|Any CPU
		{02040A70-B7CD-4841-8B1E-B3DC81D728C2}.Release|Any CPU.Build.0 = Release|Any CPU
		{02040A70-B7CD-4841-8B1E-B3DC81D728C2}.Release|ARM.ActiveCfg = Release|Any CPU
		{02040A70-B7CD-4841-8B1E-B3DC81D728C2}.Release|ARM.Build.0 = Release|Any CPU
		{02040A70-B7CD-4841-8B1E-B3DC81D728C2}.Release|iPhone.ActiveCfg = Release|Any CPU
		{02040A70-B7CD-4841-8B1E-B3DC81D728C2}.Release|iPhone.Build.0 = Release|Any CPU
		{02040A70-B7CD-4841-8B1E-B3DC81D728C2}.Release|iPhoneSimulator.ActiveCfg = Release|Any CPU
		{02040A70-B7CD-4841-8B1E-B3DC81D728C2}.Release|iPhoneSimulator.Build.0 = Release|Any CPU
		{02040A70-B7CD-4841-8B1E-B3DC81D728C2}.Release|x86.ActiveCfg = Release|Any CPU
		{02040A70-B7CD-4841-8B1E-B3DC81D728C2}.Release|x86.Build.0 = Release|Any CPU
	EndGlobalSection
	GlobalSection(SolutionProperties) = preSolution
		HideSolutionNode = FALSE
	EndGlobalSection
EndGlobal
